
Microsoft Visual Studio Solution File, Format Version 12.00
# Visual Studio 15
VisualStudioVersion = 15.0.28307.757
MinimumVisualStudioVersion = 10.0.40219.1
Project("{FAE04EC0-301F-11D3-BF4B-00C04F79EFBC}") = "DealerTrack", "DealerTrack\DealerTrack.csproj", "{B269EFF9-7E9B-469A-859B-C4CBF2A19766}"
EndProject
Global
	GlobalSection(SolutionConfigurationPlatforms) = preSolution
		Debug|Any CPU = Debug|Any CPU
		Release|Any CPU = Release|Any CPU
	EndGlobalSection
	GlobalSection(ProjectConfigurationPlatforms) = postSolution
		{B269EFF9-7E9B-469A-859B-C4CBF2A19766}.Debug|Any CPU.ActiveCfg = Debug|Any CPU
		{B269EFF9-7E9B-469A-859B-C4CBF2A19766}.Debug|Any CPU.Build.0 = Debug|Any CPU
		{B269EFF9-7E9B-469A-859B-C4CBF2A19766}.Release|Any CPU.ActiveCfg = Release|Any CPU
		{B269EFF9-7E9B-469A-859B-C4CBF2A19766}.Release|Any CPU.Build.0 = Release|Any CPU
	EndGlobalSection
	GlobalSection(SolutionProperties) = preSolution
		HideSolutionNode = FALSE
	EndGlobalSection
	GlobalSection(ExtensibilityGlobals) = postSolution
		SolutionGuid = {2799A8C8-A7E6-4621-8DA0-FF3F25FDF583}
	EndGlobalSection
EndGlobal
